
Microsoft Visual Studio Solution File, Format Version 12.00
# Visual Studio 15
VisualStudioVersion = 15.0.28307.1169
MinimumVisualStudioVersion = 10.0.40219.1
Project("{F184B08F-C81C-45F6-A57F-5ABD9991F28F}") = "Caja_Medicos", "Caja_Medicos\Caja_Medicos.vbproj", "{D16F0D53-23FE-44EC-97D6-52F7962CFF41}"
EndProject
Global
	GlobalSection(SolutionConfigurationPlatforms) = preSolution
		Debug|Any CPU = Debug|Any CPU
		Release|Any CPU = Release|Any CPU
	EndGlobalSection
	GlobalSection(ProjectConfigurationPlatforms) = postSolution
		{D16F0D53-23FE-44EC-97D6-52F7962CFF41}.Debug|Any CPU.ActiveCfg = Debug|Any CPU
		{D16F0D53-23FE-44EC-97D6-52F7962CFF41}.Debug|Any CPU.Build.0 = Debug|Any CPU
		{D16F0D53-23FE-44EC-97D6-52F7962CFF41}.Release|Any CPU.ActiveCfg = Release|Any CPU
		{D16F0D53-23FE-44EC-97D6-52F7962CFF41}.Release|Any CPU.Build.0 = Release|Any CPU
	EndGlobalSection
	GlobalSection(SolutionProperties) = preSolution
		HideSolutionNode = FALSE
	EndGlobalSection
	GlobalSection(ExtensibilityGlobals) = postSolution
		SolutionGuid = {B04B7BE8-80A5-42F7-8BBC-F81FB1D60794}
	EndGlobalSection
EndGlobal
